
Microsoft Visual Studio Solution File, Format Version 12.00
# Visual Studio Version 17
VisualStudioVersion = 17.7.34031.279
MinimumVisualStudioVersion = 10.0.40219.1
Project("{2150E333-8FDC-42A3-9474-1A3956D46DE8}") = "Web Apps", "Web Apps", "{23EB11D7-0C7E-4757-B374-594F48038E7C}"
EndProject
Project("{9A19103F-16F7-4668-BE54-9A1E7A4F7556}") = "WebAPI", "Web\WebAPI\WebAPI.csproj", "{3780A24C-AEF3-45E4-935A-0E80ED146A75}"
EndProject
Project("{54A90642-561A-4BB1-A94E-469ADEE60C69}") = "webspa", "Web\WebSPA\webspa.esproj", "{D1C14AFF-8B29-43F1-BF87-5696B329F4E7}"
EndProject
Project("{E53339B2-1760-4266-BCC7-CA923CBCF16C}") = "docker-compose", "docker-compose.dcproj", "{0F66D96B-7184-423F-AC24-379D9328C074}"
EndProject
Project("{D954291E-2A0B-460D-934E-DC6B0785DB48}") = "WebAPI.Common", "Web\WebAPI.Common\WebAPI.Common.shproj", "{AF02E417-9BE3-4869-B4D5-E5F29FE49D7F}"
EndProject
Project("{2150E333-8FDC-42A3-9474-1A3956D46DE8}") = "Infrastructure", "Infrastructure", "{C9DFC12A-4036-4C04-91D8-ABD9C8041BF0}"
EndProject
Project("{00D1A9C2-B5F0-4AF3-8072-F6C62B433612}") = "OslSqlServer", "Infrastructure\OslSqlServer\OslSqlServer.sqlproj", "{ABEB5F3E-3E93-47D7-82CC-20E2552156EF}"
EndProject
Project("{D954291E-2A0B-460D-934E-DC6B0785DB48}") = "WebAPI.Dto", "Web\WebAPI.Dto\WebAPI.Dto.shproj", "{8B252E91-7821-4211-8573-0B60946F124A}"
EndProject
Project("{9A19103F-16F7-4668-BE54-9A1E7A4F7556}") = "WebAPI.UnitTests", "Web\WebAPI.UnitTests\WebAPI.UnitTests.csproj", "{D297D8B6-1C24-4479-8C45-80F86551450E}"
EndProject
Project("{FAE04EC0-301F-11D3-BF4B-00C04F79EFBC}") = "WebAPI.FunctionalTests", "Web\WebAPI.FunctionalTests\WebAPI.FunctionalTests.csproj", "{438DA8E2-1B11-46F9-B31C-37AC747C0B41}"
EndProject
Global
	GlobalSection(SolutionConfigurationPlatforms) = preSolution
		Debug|Any CPU = Debug|Any CPU
		Release|Any CPU = Release|Any CPU
	EndGlobalSection
	GlobalSection(ProjectConfigurationPlatforms) = postSolution
		{3780A24C-AEF3-45E4-935A-0E80ED146A75}.Debug|Any CPU.ActiveCfg = Debug|Any CPU
		{3780A24C-AEF3-45E4-935A-0E80ED146A75}.Debug|Any CPU.Build.0 = Debug|Any CPU
		{3780A24C-AEF3-45E4-935A-0E80ED146A75}.Release|Any CPU.ActiveCfg = Release|Any CPU
		{3780A24C-AEF3-45E4-935A-0E80ED146A75}.Release|Any CPU.Build.0 = Release|Any CPU
		{D1C14AFF-8B29-43F1-BF87-5696B329F4E7}.Debug|Any CPU.ActiveCfg = Debug|Any CPU
		{D1C14AFF-8B29-43F1-BF87-5696B329F4E7}.Debug|Any CPU.Build.0 = Debug|Any CPU
		{D1C14AFF-8B29-43F1-BF87-5696B329F4E7}.Debug|Any CPU.Deploy.0 = Debug|Any CPU
		{D1C14AFF-8B29-43F1-BF87-5696B329F4E7}.Release|Any CPU.ActiveCfg = Release|Any CPU
		{D1C14AFF-8B29-43F1-BF87-5696B329F4E7}.Release|Any CPU.Build.0 = Release|Any CPU
		{D1C14AFF-8B29-43F1-BF87-5696B329F4E7}.Release|Any CPU.Deploy.0 = Release|Any CPU
		{0F66D96B-7184-423F-AC24-379D9328C074}.Debug|Any CPU.ActiveCfg = Debug|Any CPU
		{0F66D96B-7184-423F-AC24-379D9328C074}.Debug|Any CPU.Build.0 = Debug|Any CPU
		{0F66D96B-7184-423F-AC24-379D9328C074}.Release|Any CPU.ActiveCfg = Release|Any CPU
		{0F66D96B-7184-423F-AC24-379D9328C074}.Release|Any CPU.Build.0 = Release|Any CPU
		{ABEB5F3E-3E93-47D7-82CC-20E2552156EF}.Debug|Any CPU.ActiveCfg = Debug|Any CPU
		{ABEB5F3E-3E93-47D7-82CC-20E2552156EF}.Debug|Any CPU.Build.0 = Debug|Any CPU
		{ABEB5F3E-3E93-47D7-82CC-20E2552156EF}.Debug|Any CPU.Deploy.0 = Debug|Any CPU
		{ABEB5F3E-3E93-47D7-82CC-20E2552156EF}.Release|Any CPU.ActiveCfg = Release|Any CPU
		{ABEB5F3E-3E93-47D7-82CC-20E2552156EF}.Release|Any CPU.Build.0 = Release|Any CPU
		{ABEB5F3E-3E93-47D7-82CC-20E2552156EF}.Release|Any CPU.Deploy.0 = Release|Any CPU
		{D297D8B6-1C24-4479-8C45-80F86551450E}.Debug|Any CPU.ActiveCfg = Debug|Any CPU
		{D297D8B6-1C24-4479-8C45-80F86551450E}.Debug|Any CPU.Build.0 = Debug|Any CPU
		{D297D8B6-1C24-4479-8C45-80F86551450E}.Release|Any CPU.ActiveCfg = Release|Any CPU
		{D297D8B6-1C24-4479-8C45-80F86551450E}.Release|Any CPU.Build.0 = Release|Any CPU
		{438DA8E2-1B11-46F9-B31C-37AC747C0B41}.Debug|Any CPU.ActiveCfg = Debug|Any CPU
		{438DA8E2-1B11-46F9-B31C-37AC747C0B41}.Debug|Any CPU.Build.0 = Debug|Any CPU
		{438DA8E2-1B11-46F9-B31C-37AC747C0B41}.Release|Any CPU.ActiveCfg = Release|Any CPU
		{438DA8E2-1B11-46F9-B31C-37AC747C0B41}.Release|Any CPU.Build.0 = Release|Any CPU
	EndGlobalSection
	GlobalSection(SolutionProperties) = preSolution
		HideSolutionNode = FALSE
	EndGlobalSection
	GlobalSection(NestedProjects) = preSolution
		{3780A24C-AEF3-45E4-935A-0E80ED146A75} = {23EB11D7-0C7E-4757-B374-594F48038E7C}
		{D1C14AFF-8B29-43F1-BF87-5696B329F4E7} = {23EB11D7-0C7E-4757-B374-594F48038E7C}
		{AF02E417-9BE3-4869-B4D5-E5F29FE49D7F} = {23EB11D7-0C7E-4757-B374-594F48038E7C}
		{ABEB5F3E-3E93-47D7-82CC-20E2552156EF} = {C9DFC12A-4036-4C04-91D8-ABD9C8041BF0}
		{8B252E91-7821-4211-8573-0B60946F124A} = {23EB11D7-0C7E-4757-B374-594F48038E7C}
		{D297D8B6-1C24-4479-8C45-80F86551450E} = {23EB11D7-0C7E-4757-B374-594F48038E7C}
		{438DA8E2-1B11-46F9-B31C-37AC747C0B41} = {23EB11D7-0C7E-4757-B374-594F48038E7C}
	EndGlobalSection
	GlobalSection(ExtensibilityGlobals) = postSolution
		SolutionGuid = {FCA8F846-B2B4-47C5-B532-D476004DB024}
	EndGlobalSection
	GlobalSection(SharedMSBuildProjectFiles) = preSolution
		Web\WebAPI.Common\WebAPI.Common.projitems*{3780a24c-aef3-45e4-935a-0e80ed146a75}*SharedItemsImports = 5
		Web\WebAPI.Dto\WebAPI.Dto.projitems*{3780a24c-aef3-45e4-935a-0e80ed146a75}*SharedItemsImports = 5
		Web\WebAPI.Dto\WebAPI.Dto.projitems*{8b252e91-7821-4211-8573-0b60946f124a}*SharedItemsImports = 13
		Web\WebAPI.Common\WebAPI.Common.projitems*{af02e417-9be3-4869-b4d5-e5f29fe49d7f}*SharedItemsImports = 13
	EndGlobalSection
EndGlobal
